// !$*UTF8*$!
{
	archiveVersion = 1;
	classes = {
	};
	objectVersion = 50;
	objects = {

/* Begin PBXBuildFile section */
		64277B1125A7BA60007E73B8 /* test.swift in Sources */ = {isa = PBXBuildFile; fileRef = 64277B1025A7BA60007E73B8 /* test.swift */; };
		64277B1425A7C063007E73B8 /* FavoriteButton.swift in Sources */ = {isa = PBXBuildFile; fileRef = 64277B1325A7C063007E73B8 /* FavoriteButton.swift */; };
		64277B1B25A7CD56007E73B8 /* HexagonParameters.swift in Sources */ = {isa = PBXBuildFile; fileRef = 64277B1A25A7CD56007E73B8 /* HexagonParameters.swift */; };
		64277B1F25A7D587007E73B8 /* BadgeBackground.swift in Sources */ = {isa = PBXBuildFile; fileRef = 64277B1E25A7D587007E73B8 /* BadgeBackground.swift */; };
		64277B2225A816CD007E73B8 /* BadgeSymble.swift in Sources */ = {isa = PBXBuildFile; fileRef = 64277B2125A816CD007E73B8 /* BadgeSymble.swift */; };
		64277B2525A81775007E73B8 /* RotatedBadgeSymbol.swift in Sources */ = {isa = PBXBuildFile; fileRef = 64277B2425A81775007E73B8 /* RotatedBadgeSymbol.swift */; };
		64277B2825A8179E007E73B8 /* Badge.swift in Sources */ = {isa = PBXBuildFile; fileRef = 64277B2725A8179E007E73B8 /* Badge.swift */; };
		64277B2D25A8B962007E73B8 /* hikeData.json in Resources */ = {isa = PBXBuildFile; fileRef = 64277B2C25A8B962007E73B8 /* hikeData.json */; };
		64277B3025A8B987007E73B8 /* Hike.swift in Sources */ = {isa = PBXBuildFile; fileRef = 64277B2F25A8B987007E73B8 /* Hike.swift */; };
		64277B3725A8BC11007E73B8 /* GraphCapsule.swift in Sources */ = {isa = PBXBuildFile; fileRef = 64277B3325A8BC11007E73B8 /* GraphCapsule.swift */; };
		64277B3825A8BC11007E73B8 /* HikeGraph.swift in Sources */ = {isa = PBXBuildFile; fileRef = 64277B3425A8BC11007E73B8 /* HikeGraph.swift */; };
		64277B3925A8BC11007E73B8 /* HikeDetail.swift in Sources */ = {isa = PBXBuildFile; fileRef = 64277B3525A8BC11007E73B8 /* HikeDetail.swift */; };
		64277B3A25A8BC11007E73B8 /* HikeView.swift in Sources */ = {isa = PBXBuildFile; fileRef = 64277B3625A8BC11007E73B8 /* HikeView.swift */; };
		64277B3E25AB5FE2007E73B8 /* CategoryHome.swift in Sources */ = {isa = PBXBuildFile; fileRef = 64277B3D25AB5FE2007E73B8 /* CategoryHome.swift */; };
		64277B4125AB66A5007E73B8 /* CategoryRow.swift in Sources */ = {isa = PBXBuildFile; fileRef = 64277B4025AB66A5007E73B8 /* CategoryRow.swift */; };
		64277B4425AB698D007E73B8 /* CategoryItem.swift in Sources */ = {isa = PBXBuildFile; fileRef = 64277B4325AB698D007E73B8 /* CategoryItem.swift */; };
		64277B4725ABA642007E73B8 /* Profile.swift in Sources */ = {isa = PBXBuildFile; fileRef = 64277B4625ABA642007E73B8 /* Profile.swift */; };
		64277B4B25ABA7ED007E73B8 /* ProfileHost.swift in Sources */ = {isa = PBXBuildFile; fileRef = 64277B4A25ABA7ED007E73B8 /* ProfileHost.swift */; };
		64277B4E25ABA842007E73B8 /* ProfileSummary.swift in Sources */ = {isa = PBXBuildFile; fileRef = 64277B4D25ABA842007E73B8 /* ProfileSummary.swift */; };
		64277B5125ABAB03007E73B8 /* HikeBadge.swift in Sources */ = {isa = PBXBuildFile; fileRef = 64277B5025ABAB03007E73B8 /* HikeBadge.swift */; };
		64277B5425ABB75F007E73B8 /* ProfileEditor.swift in Sources */ = {isa = PBXBuildFile; fileRef = 64277B5325ABB75F007E73B8 /* ProfileEditor.swift */; };
		6489742925A6553D0049AB5B /* LandmarksApp.swift in Sources */ = {isa = PBXBuildFile; fileRef = 6489742825A6553D0049AB5B /* LandmarksApp.swift */; };
		6489742B25A6553D0049AB5B /* ContentView.swift in Sources */ = {isa = PBXBuildFile; fileRef = 6489742A25A6553D0049AB5B /* ContentView.swift */; };
		6489742D25A6553F0049AB5B /* Assets.xcassets in Resources */ = {isa = PBXBuildFile; fileRef = 6489742C25A6553F0049AB5B /* Assets.xcassets */; };
		6489743025A6553F0049AB5B /* Preview Assets.xcassets in Resources */ = {isa = PBXBuildFile; fileRef = 6489742F25A6553F0049AB5B /* Preview Assets.xcassets */; };
		6489743D25A65E820049AB5B /* CircleImage.swift in Sources */ = {isa = PBXBuildFile; fileRef = 6489743C25A65E820049AB5B /* CircleImage.swift */; };
		6489744025A660700049AB5B /* MapView.swift in Sources */ = {isa = PBXBuildFile; fileRef = 6489743F25A660700049AB5B /* MapView.swift */; };
		6489744425A670350049AB5B /* landmarkData.json in Resources */ = {isa = PBXBuildFile; fileRef = 6489744325A670350049AB5B /* landmarkData.json */; };
		6489744725A670600049AB5B /* Landmark.swift in Sources */ = {isa = PBXBuildFile; fileRef = 6489744625A670600049AB5B /* Landmark.swift */; };
		6489744A25A67BA40049AB5B /* ModelData.swift in Sources */ = {isa = PBXBuildFile; fileRef = 6489744925A67BA40049AB5B /* ModelData.swift */; };
		6489745325A68FBC0049AB5B /* LandmarkRow.swift in Sources */ = {isa = PBXBuildFile; fileRef = 6489745225A68FBC0049AB5B /* LandmarkRow.swift */; };
		6489745625A692830049AB5B /* LandmarkList.swift in Sources */ = {isa = PBXBuildFile; fileRef = 6489745525A692830049AB5B /* LandmarkList.swift */; };
		6489745925A6B33B0049AB5B /* LandmarkDetail.swift in Sources */ = {isa = PBXBuildFile; fileRef = 6489745825A6B33B0049AB5B /* LandmarkDetail.swift */; };
/* End PBXBuildFile section */

/* Begin PBXFileReference section */
		64277B1025A7BA60007E73B8 /* test.swift */ = {isa = PBXFileReference; lastKnownFileType = sourcecode.swift; path = test.swift; sourceTree = "<group>"; };
		64277B1325A7C063007E73B8 /* FavoriteButton.swift */ = {isa = PBXFileReference; lastKnownFileType = sourcecode.swift; path = FavoriteButton.swift; sourceTree = "<group>"; };
		64277B1A25A7CD56007E73B8 /* HexagonParameters.swift */ = {isa = PBXFileReference; lastKnownFileType = sourcecode.swift; path = HexagonParameters.swift; sourceTree = "<group>"; };
		64277B1E25A7D587007E73B8 /* BadgeBackground.swift */ = {isa = PBXFileReference; lastKnownFileType = sourcecode.swift; path = BadgeBackground.swift; sourceTree = "<group>"; };
		64277B2125A816CD007E73B8 /* BadgeSymble.swift */ = {isa = PBXFileReference; lastKnownFileType = sourcecode.swift; path = BadgeSymble.swift; sourceTree = "<group>"; };
		64277B2425A81775007E73B8 /* RotatedBadgeSymbol.swift */ = {isa = PBXFileReference; fileEncoding = 4; lastKnownFileType = sourcecode.swift; path = RotatedBadgeSymbol.swift; sourceTree = "<group>"; };
		64277B2725A8179E007E73B8 /* Badge.swift */ = {isa = PBXFileReference; fileEncoding = 4; lastKnownFileType = sourcecode.swift; path = Badge.swift; sourceTree = "<group>"; };
		64277B2C25A8B962007E73B8 /* hikeData.json */ = {isa = PBXFileReference; fileEncoding = 4; lastKnownFileType = text.json; path = hikeData.json; sourceTree = "<group>"; };
		64277B2F25A8B987007E73B8 /* Hike.swift */ = {isa = PBXFileReference; lastKnownFileType = sourcecode.swift; path = Hike.swift; sourceTree = "<group>"; };
		64277B3325A8BC11007E73B8 /* GraphCapsule.swift */ = {isa = PBXFileReference; fileEncoding = 4; lastKnownFileType = sourcecode.swift; path = GraphCapsule.swift; sourceTree = "<group>"; };
		64277B3425A8BC11007E73B8 /* HikeGraph.swift */ = {isa = PBXFileReference; fileEncoding = 4; lastKnownFileType = sourcecode.swift; path = HikeGraph.swift; sourceTree = "<group>"; };
		64277B3525A8BC11007E73B8 /* HikeDetail.swift */ = {isa = PBXFileReference; fileEncoding = 4; lastKnownFileType = sourcecode.swift; path = HikeDetail.swift; sourceTree = "<group>"; };
		64277B3625A8BC11007E73B8 /* HikeView.swift */ = {isa = PBXFileReference; fileEncoding = 4; lastKnownFileType = sourcecode.swift; path = HikeView.swift; sourceTree = "<group>"; };
		64277B3D25AB5FE2007E73B8 /* CategoryHome.swift */ = {isa = PBXFileReference; lastKnownFileType = sourcecode.swift; path = CategoryHome.swift; sourceTree = "<group>"; };
		64277B4025AB66A5007E73B8 /* CategoryRow.swift */ = {isa = PBXFileReference; lastKnownFileType = sourcecode.swift; path = CategoryRow.swift; sourceTree = "<group>"; };
		64277B4325AB698D007E73B8 /* CategoryItem.swift */ = {isa = PBXFileReference; lastKnownFileType = sourcecode.swift; path = CategoryItem.swift; sourceTree = "<group>"; };
		64277B4625ABA642007E73B8 /* Profile.swift */ = {isa = PBXFileReference; lastKnownFileType = sourcecode.swift; path = Profile.swift; sourceTree = "<group>"; };
		64277B4A25ABA7ED007E73B8 /* ProfileHost.swift */ = {isa = PBXFileReference; lastKnownFileType = sourcecode.swift; path = ProfileHost.swift; sourceTree = "<group>"; };
		64277B4D25ABA842007E73B8 /* ProfileSummary.swift */ = {isa = PBXFileReference; lastKnownFileType = sourcecode.swift; path = ProfileSummary.swift; sourceTree = "<group>"; };
		64277B5025ABAB03007E73B8 /* HikeBadge.swift */ = {isa = PBXFileReference; lastKnownFileType = sourcecode.swift; path = HikeBadge.swift; sourceTree = "<group>"; };
		64277B5325ABB75F007E73B8 /* ProfileEditor.swift */ = {isa = PBXFileReference; lastKnownFileType = sourcecode.swift; path = ProfileEditor.swift; sourceTree = "<group>"; };
		6489742525A6553D0049AB5B /* Landmarks.app */ = {isa = PBXFileReference; explicitFileType = wrapper.application; includeInIndex = 0; path = Landmarks.app; sourceTree = BUILT_PRODUCTS_DIR; };
		6489742825A6553D0049AB5B /* LandmarksApp.swift */ = {isa = PBXFileReference; lastKnownFileType = sourcecode.swift; path = LandmarksApp.swift; sourceTree = "<group>"; };
		6489742A25A6553D0049AB5B /* ContentView.swift */ = {isa = PBXFileReference; lastKnownFileType = sourcecode.swift; path = ContentView.swift; sourceTree = "<group>"; };
		6489742C25A6553F0049AB5B /* Assets.xcassets */ = {isa = PBXFileReference; lastKnownFileType = folder.assetcatalog; path = Assets.xcassets; sourceTree = "<group>"; };
		6489742F25A6553F0049AB5B /* Preview Assets.xcassets */ = {isa = PBXFileReference; lastKnownFileType = folder.assetcatalog; path = "Preview Assets.xcassets"; sourceTree = "<group>"; };
		6489743125A6553F0049AB5B /* Info.plist */ = {isa = PBXFileReference; lastKnownFileType = text.plist.xml; path = Info.plist; sourceTree = "<group>"; };
		6489743C25A65E820049AB5B /* CircleImage.swift */ = {isa = PBXFileReference; lastKnownFileType = sourcecode.swift; path = CircleImage.swift; sourceTree = "<group>"; };
		6489743F25A660700049AB5B /* MapView.swift */ = {isa = PBXFileReference; lastKnownFileType = sourcecode.swift; path = MapView.swift; sourceTree = "<group>"; };
		6489744325A670350049AB5B /* landmarkData.json */ = {isa = PBXFileReference; fileEncoding = 4; lastKnownFileType = text.json; path = landmarkData.json; sourceTree = "<group>"; };
		6489744625A670600049AB5B /* Landmark.swift */ = {isa = PBXFileReference; lastKnownFileType = sourcecode.swift; path = Landmark.swift; sourceTree = "<group>"; };
		6489744925A67BA40049AB5B /* ModelData.swift */ = {isa = PBXFileReference; lastKnownFileType = sourcecode.swift; path = ModelData.swift; sourceTree = "<group>"; };
		6489745225A68FBC0049AB5B /* LandmarkRow.swift */ = {isa = PBXFileReference; lastKnownFileType = sourcecode.swift; path = LandmarkRow.swift; sourceTree = "<group>"; };
		6489745525A692830049AB5B /* LandmarkList.swift */ = {isa = PBXFileReference; lastKnownFileType = sourcecode.swift; path = LandmarkList.swift; sourceTree = "<group>"; };
		6489745825A6B33B0049AB5B /* LandmarkDetail.swift */ = {isa = PBXFileReference; lastKnownFileType = sourcecode.swift; path = LandmarkDetail.swift; sourceTree = "<group>"; };
/* End PBXFileReference section */

/* Begin PBXFrameworksBuildPhase section */
		6489742225A6553D0049AB5B /* Frameworks */ = {
			isa = PBXFrameworksBuildPhase;
			buildActionMask = 2147483647;
			files = (
			);
			runOnlyForDeploymentPostprocessing = 0;
		};
/* End PBXFrameworksBuildPhase section */

/* Begin PBXGroup section */
		64277B1625A7C2A4007E73B8 /* Helpers */ = {
			isa = PBXGroup;
			children = (
				6489743C25A65E820049AB5B /* CircleImage.swift */,
				6489743F25A660700049AB5B /* MapView.swift */,
				64277B1325A7C063007E73B8 /* FavoriteButton.swift */,
			);
			path = Helpers;
			sourceTree = "<group>";
		};
		64277B1825A7C2EE007E73B8 /* Landmarks */ = {
			isa = PBXGroup;
			children = (
				6489745225A68FBC0049AB5B /* LandmarkRow.swift */,
				6489745525A692830049AB5B /* LandmarkList.swift */,
				6489745825A6B33B0049AB5B /* LandmarkDetail.swift */,
			);
			path = Landmarks;
			sourceTree = "<group>";
		};
		64277B2A25A817B5007E73B8 /* Badges */ = {
			isa = PBXGroup;
			children = (
				64277B1A25A7CD56007E73B8 /* HexagonParameters.swift */,
				64277B2725A8179E007E73B8 /* Badge.swift */,
				64277B2425A81775007E73B8 /* RotatedBadgeSymbol.swift */,
				64277B2125A816CD007E73B8 /* BadgeSymble.swift */,
				64277B1E25A7D587007E73B8 /* BadgeBackground.swift */,
			);
			path = Badges;
			sourceTree = "<group>";
		};
		64277B3225A8BC11007E73B8 /* Hikes */ = {
			isa = PBXGroup;
			children = (
				64277B3325A8BC11007E73B8 /* GraphCapsule.swift */,
				64277B3425A8BC11007E73B8 /* HikeGraph.swift */,
				64277B3525A8BC11007E73B8 /* HikeDetail.swift */,
				64277B3625A8BC11007E73B8 /* HikeView.swift */,
				64277B5025ABAB03007E73B8 /* HikeBadge.swift */,
			);
			path = Hikes;
			sourceTree = "<group>";
		};
		64277B3C25AB5FB1007E73B8 /* Categories */ = {
			isa = PBXGroup;
			children = (
				64277B3D25AB5FE2007E73B8 /* CategoryHome.swift */,
				64277B4025AB66A5007E73B8 /* CategoryRow.swift */,
				64277B4325AB698D007E73B8 /* CategoryItem.swift */,
			);
			path = Categories;
			sourceTree = "<group>";
		};
		64277B4925ABA7D3007E73B8 /* Profiles */ = {
			isa = PBXGroup;
			children = (
				64277B4A25ABA7ED007E73B8 /* ProfileHost.swift */,
				64277B4D25ABA842007E73B8 /* ProfileSummary.swift */,
				64277B5325ABB75F007E73B8 /* ProfileEditor.swift */,
			);
			path = Profiles;
			sourceTree = "<group>";
		};
		6489741C25A6553D0049AB5B = {
			isa = PBXGroup;
			children = (
				6489742725A6553D0049AB5B /* Landmarks */,
				6489742625A6553D0049AB5B /* Products */,
			);
			sourceTree = "<group>";
		};
		6489742625A6553D0049AB5B /* Products */ = {
			isa = PBXGroup;
			children = (
				6489742525A6553D0049AB5B /* Landmarks.app */,
			);
			name = Products;
			sourceTree = "<group>";
		};
		6489742725A6553D0049AB5B /* Landmarks */ = {
			isa = PBXGroup;
			children = (
				6489745025A68EFB0049AB5B /* Model */,
				6489744F25A68EDC0049AB5B /* Resources */,
				6489744E25A68EC10049AB5B /* Views */,
				6489742825A6553D0049AB5B /* LandmarksApp.swift */,
				64277B1025A7BA60007E73B8 /* test.swift */,
				6489742C25A6553F0049AB5B /* Assets.xcassets */,
				6489743125A6553F0049AB5B /* Info.plist */,
				6489742E25A6553F0049AB5B /* Preview Content */,
			);
			path = Landmarks;
			sourceTree = "<group>";
		};
		6489742E25A6553F0049AB5B /* Preview Content */ = {
			isa = PBXGroup;
			children = (
				6489742F25A6553F0049AB5B /* Preview Assets.xcassets */,
			);
			path = "Preview Content";
			sourceTree = "<group>";
		};
		6489744E25A68EC10049AB5B /* Views */ = {
			isa = PBXGroup;
			children = (
				64277B4925ABA7D3007E73B8 /* Profiles */,
				64277B3C25AB5FB1007E73B8 /* Categories */,
				64277B3225A8BC11007E73B8 /* Hikes */,
				6489742A25A6553D0049AB5B /* ContentView.swift */,
				64277B1825A7C2EE007E73B8 /* Landmarks */,
				64277B1625A7C2A4007E73B8 /* Helpers */,
				64277B2A25A817B5007E73B8 /* Badges */,
			);
			path = Views;
			sourceTree = "<group>";
		};
		6489744F25A68EDC0049AB5B /* Resources */ = {
			isa = PBXGroup;
			children = (
				6489744325A670350049AB5B /* landmarkData.json */,
				64277B2C25A8B962007E73B8 /* hikeData.json */,
			);
			path = Resources;
			sourceTree = "<group>";
		};
		6489745025A68EFB0049AB5B /* Model */ = {
			isa = PBXGroup;
			children = (
				6489744625A670600049AB5B /* Landmark.swift */,
				64277B2F25A8B987007E73B8 /* Hike.swift */,
				6489744925A67BA40049AB5B /* ModelData.swift */,
				64277B4625ABA642007E73B8 /* Profile.swift */,
			);
			path = Model;
			sourceTree = "<group>";
		};
/* End PBXGroup section */

/* Begin PBXNativeTarget section */
		6489742425A6553D0049AB5B /* Landmarks */ = {
			isa = PBXNativeTarget;
			buildConfigurationList = 6489743425A6553F0049AB5B /* Build configuration list for PBXNativeTarget "Landmarks" */;
			buildPhases = (
				6489742125A6553D0049AB5B /* Sources */,
				6489742225A6553D0049AB5B /* Frameworks */,
				6489742325A6553D0049AB5B /* Resources */,
			);
			buildRules = (
			);
			dependencies = (
			);
			name = Landmarks;
			productName = Landmarks;
			productReference = 6489742525A6553D0049AB5B /* Landmarks.app */;
			productType = "com.apple.product-type.application";
		};
/* End PBXNativeTarget section */

/* Begin PBXProject section */
		6489741D25A6553D0049AB5B /* Project object */ = {
			isa = PBXProject;
			attributes = {
				LastSwiftUpdateCheck = 1230;
				LastUpgradeCheck = 1230;
				TargetAttributes = {
					6489742425A6553D0049AB5B = {
						CreatedOnToolsVersion = 12.3;
					};
				};
			};
			buildConfigurationList = 6489742025A6553D0049AB5B /* Build configuration list for PBXProject "Landmarks" */;
			compatibilityVersion = "Xcode 9.3";
			developmentRegion = en;
			hasScannedForEncodings = 0;
			knownRegions = (
				en,
				Base,
			);
			mainGroup = 6489741C25A6553D0049AB5B;
			productRefGroup = 6489742625A6553D0049AB5B /* Products */;
			projectDirPath = "";
			projectRoot = "";
			targets = (
				6489742425A6553D0049AB5B /* Landmarks */,
			);
		};
/* End PBXProject section */

/* Begin PBXResourcesBuildPhase section */
		6489742325A6553D0049AB5B /* Resources */ = {
			isa = PBXResourcesBuildPhase;
			buildActionMask = 2147483647;
			files = (
				64277B2D25A8B962007E73B8 /* hikeData.json in Resources */,
				6489743025A6553F0049AB5B /* Preview Assets.xcassets in Resources */,
				6489742D25A6553F0049AB5B /* Assets.xcassets in Resources */,
				6489744425A670350049AB5B /* landmarkData.json in Resources */,
			);
			runOnlyForDeploymentPostprocessing = 0;
		};
/* End PBXResourcesBuildPhase section */

/* Begin PBXSourcesBuildPhase section */
		6489742125A6553D0049AB5B /* Sources */ = {
			isa = PBXSourcesBuildPhase;
			buildActionMask = 2147483647;
			files = (
				64277B3025A8B987007E73B8 /* Hike.swift in Sources */,
				6489742B25A6553D0049AB5B /* ContentView.swift in Sources */,
				6489744025A660700049AB5B /* MapView.swift in Sources */,
				6489742925A6553D0049AB5B /* LandmarksApp.swift in Sources */,
				64277B3E25AB5FE2007E73B8 /* CategoryHome.swift in Sources */,
				64277B4B25ABA7ED007E73B8 /* ProfileHost.swift in Sources */,
				64277B5125ABAB03007E73B8 /* HikeBadge.swift in Sources */,
				64277B3825A8BC11007E73B8 /* HikeGraph.swift in Sources */,
				64277B4125AB66A5007E73B8 /* CategoryRow.swift in Sources */,
				64277B1125A7BA60007E73B8 /* test.swift in Sources */,
				64277B1B25A7CD56007E73B8 /* HexagonParameters.swift in Sources */,
				6489745625A692830049AB5B /* LandmarkList.swift in Sources */,
				64277B4E25ABA842007E73B8 /* ProfileSummary.swift in Sources */,
				64277B5425ABB75F007E73B8 /* ProfileEditor.swift in Sources */,
				64277B4425AB698D007E73B8 /* CategoryItem.swift in Sources */,
				6489745925A6B33B0049AB5B /* LandmarkDetail.swift in Sources */,
				6489743D25A65E820049AB5B /* CircleImage.swift in Sources */,
				64277B2525A81775007E73B8 /* RotatedBadgeSymbol.swift in Sources */,
				64277B2825A8179E007E73B8 /* Badge.swift in Sources */,
				64277B1F25A7D587007E73B8 /* BadgeBackground.swift in Sources */,
				64277B4725ABA642007E73B8 /* Profile.swift in Sources */,
				6489744725A670600049AB5B /* Landmark.swift in Sources */,
				6489745325A68FBC0049AB5B /* LandmarkRow.swift in Sources */,
				64277B3725A8BC11007E73B8 /* GraphCapsule.swift in Sources */,
				64277B3A25A8BC11007E73B8 /* HikeView.swift in Sources */,
				64277B2225A816CD007E73B8 /* BadgeSymble.swift in Sources */,
				64277B1425A7C063007E73B8 /* FavoriteButton.swift in Sources */,
				6489744A25A67BA40049AB5B /* ModelData.swift in Sources */,
				64277B3925A8BC11007E73B8 /* HikeDetail.swift in Sources */,
			);
			runOnlyForDeploymentPostprocessing = 0;
		};
/* End PBXSourcesBuildPhase section */

/* Begin XCBuildConfiguration section */
		6489743225A6553F0049AB5B /* Debug */ = {
			isa = XCBuildConfiguration;
			buildSettings = {
				ALWAYS_SEARCH_USER_PATHS = NO;
				CLANG_ANALYZER_NONNULL = YES;
				CLANG_ANALYZER_NUMBER_OBJECT_CONVERSION = YES_AGGRESSIVE;
				CLANG_CXX_LANGUAGE_STANDARD = "gnu++14";
				CLANG_CXX_LIBRARY = "libc++";
				CLANG_ENABLE_MODULES = YES;
				CLANG_ENABLE_OBJC_ARC = YES;
				CLANG_ENABLE_OBJC_WEAK = YES;
				CLANG_WARN_BLOCK_CAPTURE_AUTORELEASING = YES;
				CLANG_WARN_BOOL_CONVERSION = YES;
				CLANG_WARN_COMMA = YES;
				CLANG_WARN_CONSTANT_CONVERSION = YES;
				CLANG_WARN_DEPRECATED_OBJC_IMPLEMENTATIONS = YES;
				CLANG_WARN_DIRECT_OBJC_ISA_USAGE = YES_ERROR;
				CLANG_WARN_DOCUMENTATION_COMMENTS = YES;
				CLANG_WARN_EMPTY_BODY = YES;
				CLANG_WARN_ENUM_CONVERSION = YES;
				CLANG_WARN_INFINITE_RECURSION = YES;
				CLANG_WARN_INT_CONVERSION = YES;
				CLANG_WARN_NON_LITERAL_NULL_CONVERSION = YES;
				CLANG_WARN_OBJC_IMPLICIT_RETAIN_SELF = YES;
				CLANG_WARN_OBJC_LITERAL_CONVERSION = YES;
				CLANG_WARN_OBJC_ROOT_CLASS = YES_ERROR;
				CLANG_WARN_QUOTED_INCLUDE_IN_FRAMEWORK_HEADER = YES;
				CLANG_WARN_RANGE_LOOP_ANALYSIS = YES;
				CLANG_WARN_STRICT_PROTOTYPES = YES;
				CLANG_WARN_SUSPICIOUS_MOVE = YES;
				CLANG_WARN_UNGUARDED_AVAILABILITY = YES_AGGRESSIVE;
				CLANG_WARN_UNREACHABLE_CODE = YES;
				CLANG_WARN__DUPLICATE_METHOD_MATCH = YES;
				COPY_PHASE_STRIP = NO;
				DEBUG_INFORMATION_FORMAT = dwarf;
				ENABLE_STRICT_OBJC_MSGSEND = YES;
				ENABLE_TESTABILITY = YES;
				GCC_C_LANGUAGE_STANDARD = gnu11;
				GCC_DYNAMIC_NO_PIC = NO;
				GCC_NO_COMMON_BLOCKS = YES;
				GCC_OPTIMIZATION_LEVEL = 0;
				GCC_PREPROCESSOR_DEFINITIONS = (
					"DEBUG=1",
					"$(inherited)",
				);
				GCC_WARN_64_TO_32_BIT_CONVERSION = YES;
				GCC_WARN_ABOUT_RETURN_TYPE = YES_ERROR;
				GCC_WARN_UNDECLARED_SELECTOR = YES;
				GCC_WARN_UNINITIALIZED_AUTOS = YES_AGGRESSIVE;
				GCC_WARN_UNUSED_FUNCTION = YES;
				GCC_WARN_UNUSED_VARIABLE = YES;
				IPHONEOS_DEPLOYMENT_TARGET = 14.3;
				MTL_ENABLE_DEBUG_INFO = INCLUDE_SOURCE;
				MTL_FAST_MATH = YES;
				ONLY_ACTIVE_ARCH = YES;
				SDKROOT = iphoneos;
				SWIFT_ACTIVE_COMPILATION_CONDITIONS = DEBUG;
				SWIFT_OPTIMIZATION_LEVEL = "-Onone";
			};
			name = Debug;
		};
		6489743325A6553F0049AB5B /* Release */ = {
			isa = XCBuildConfiguration;
			buildSettings = {
				ALWAYS_SEARCH_USER_PATHS = NO;
				CLANG_ANALYZER_NONNULL = YES;
				CLANG_ANALYZER_NUMBER_OBJECT_CONVERSION = YES_AGGRESSIVE;
				CLANG_CXX_LANGUAGE_STANDARD = "gnu++14";
				CLANG_CXX_LIBRARY = "libc++";
				CLANG_ENABLE_MODULES = YES;
				CLANG_ENABLE_OBJC_ARC = YES;
				CLANG_ENABLE_OBJC_WEAK = YES;
				CLANG_WARN_BLOCK_CAPTURE_AUTORELEASING = YES;
				CLANG_WARN_BOOL_CONVERSION = YES;
				CLANG_WARN_COMMA = YES;
				CLANG_WARN_CONSTANT_CONVERSION = YES;
				CLANG_WARN_DEPRECATED_OBJC_IMPLEMENTATIONS = YES;
				CLANG_WARN_DIRECT_OBJC_ISA_USAGE = YES_ERROR;
				CLANG_WARN_DOCUMENTATION_COMMENTS = YES;
				CLANG_WARN_EMPTY_BODY = YES;
				CLANG_WARN_ENUM_CONVERSION = YES;
				CLANG_WARN_INFINITE_RECURSION = YES;
				CLANG_WARN_INT_CONVERSION = YES;
				CLANG_WARN_NON_LITERAL_NULL_CONVERSION = YES;
				CLANG_WARN_OBJC_IMPLICIT_RETAIN_SELF = YES;
				CLANG_WARN_OBJC_LITERAL_CONVERSION = YES;
				CLANG_WARN_OBJC_ROOT_CLASS = YES_ERROR;
				CLANG_WARN_QUOTED_INCLUDE_IN_FRAMEWORK_HEADER = YES;
				CLANG_WARN_RANGE_LOOP_ANALYSIS = YES;
				CLANG_WARN_STRICT_PROTOTYPES = YES;
				CLANG_WARN_SUSPICIOUS_MOVE = YES;
				CLANG_WARN_UNGUARDED_AVAILABILITY = YES_AGGRESSIVE;
				CLANG_WARN_UNREACHABLE_CODE = YES;
				CLANG_WARN__DUPLICATE_METHOD_MATCH = YES;
				COPY_PHASE_STRIP = NO;
				DEBUG_INFORMATION_FORMAT = "dwarf-with-dsym";
				ENABLE_NS_ASSERTIONS = NO;
				ENABLE_STRICT_OBJC_MSGSEND = YES;
				GCC_C_LANGUAGE_STANDARD = gnu11;
				GCC_NO_COMMON_BLOCKS = YES;
				GCC_WARN_64_TO_32_BIT_CONVERSION = YES;
				GCC_WARN_ABOUT_RETURN_TYPE = YES_ERROR;
				GCC_WARN_UNDECLARED_SELECTOR = YES;
				GCC_WARN_UNINITIALIZED_AUTOS = YES_AGGRESSIVE;
				GCC_WARN_UNUSED_FUNCTION = YES;
				GCC_WARN_UNUSED_VARIABLE = YES;
				IPHONEOS_DEPLOYMENT_TARGET = 14.3;
				MTL_ENABLE_DEBUG_INFO = NO;
				MTL_FAST_MATH = YES;
				SDKROOT = iphoneos;
				SWIFT_COMPILATION_MODE = wholemodule;
				SWIFT_OPTIMIZATION_LEVEL = "-O";
				VALIDATE_PRODUCT = YES;
			};
			name = Release;
		};
		6489743525A6553F0049AB5B /* Debug */ = {
			isa = XCBuildConfiguration;
			buildSettings = {
				ASSETCATALOG_COMPILER_APPICON_NAME = AppIcon;
				ASSETCATALOG_COMPILER_GLOBAL_ACCENT_COLOR_NAME = AccentColor;
				CODE_SIGN_STYLE = Automatic;
				DEVELOPMENT_ASSET_PATHS = "\"Landmarks/Preview Content\"";
				DEVELOPMENT_TEAM = R35BN78C7J;
				ENABLE_PREVIEWS = YES;
				INFOPLIST_FILE = Landmarks/Info.plist;
				IPHONEOS_DEPLOYMENT_TARGET = 14.0;
				LD_RUNPATH_SEARCH_PATHS = (
					"$(inherited)",
					"@executable_path/Frameworks",
				);
				PRODUCT_BUNDLE_IDENTIFIER = com.google.boyima98.Landmarks;
				PRODUCT_NAME = "$(TARGET_NAME)";
				SWIFT_VERSION = 5.0;
				TARGETED_DEVICE_FAMILY = "1,2";
			};
			name = Debug;
		};
		6489743625A6553F0049AB5B /* Release */ = {
			isa = XCBuildConfiguration;
			buildSettings = {
				ASSETCATALOG_COMPILER_APPICON_NAME = AppIcon;
				ASSETCATALOG_COMPILER_GLOBAL_ACCENT_COLOR_NAME = AccentColor;
				CODE_SIGN_STYLE = Automatic;
				DEVELOPMENT_ASSET_PATHS = "\"Landmarks/Preview Content\"";
				DEVELOPMENT_TEAM = R35BN78C7J;
				ENABLE_PREVIEWS = YES;
				INFOPLIST_FILE = Landmarks/Info.plist;
				IPHONEOS_DEPLOYMENT_TARGET = 14.0;
				LD_RUNPATH_SEARCH_PATHS = (
					"$(inherited)",
					"@executable_path/Frameworks",
				);
				PRODUCT_BUNDLE_IDENTIFIER = com.google.boyima98.Landmarks;
				PRODUCT_NAME = "$(TARGET_NAME)";
				SWIFT_VERSION = 5.0;
				TARGETED_DEVICE_FAMILY = "1,2";
			};
			name = Release;
		};
/* End XCBuildConfiguration section */

/* Begin XCConfigurationList section */
		6489742025A6553D0049AB5B /* Build configuration list for PBXProject "Landmarks" */ = {
			isa = XCConfigurationList;
			buildConfigurations = (
				6489743225A6553F0049AB5B /* Debug */,
				6489743325A6553F0049AB5B /* Release */,
			);
			defaultConfigurationIsVisible = 0;
			defaultConfigurationName = Release;
		};
		6489743425A6553F0049AB5B /* Build configuration list for PBXNativeTarget "Landmarks" */ = {
			isa = XCConfigurationList;
			buildConfigurations = (
				6489743525A6553F0049AB5B /* Debug */,
				6489743625A6553F0049AB5B /* Release */,
			);
			defaultConfigurationIsVisible = 0;
			defaultConfigurationName = Release;
		};
/* End XCConfigurationList section */
	};
	rootObject = 6489741D25A6553D0049AB5B /* Project object */;
}
